# This file is automatically @generated by Cargo.
# It is not intended for manual editing.
version = 4

[[package]]
name = "core"
version = "0.1.0"

[[package]]
name = "gui"
version = "0.1.0"

[[package]]
name = "layout"
version = "0.1.0"

[[package]]
name = "mcp"
version = "0.1.0"

[[package]]
name = "sqlgen"
version = "0.1.0"

[[package]]
name = "transform"
version = "0.1.0"
